
Microsoft Visual Studio Solution File, Format Version 12.00
# Visual Studio Version 17
VisualStudioVersion = 17.0.31903.59
MinimumVisualStudioVersion = 10.0.40219.1
Project("{9A19103F-16F7-4668-BE54-9A1E7A4F7556}") = "Cleaners.Web", "Cleaners.Web\Cleaners.Web.csproj", "{5E994385-11F1-4BFE-9A8C-61962C314063}"
EndProject
Project("{9A19103F-16F7-4668-BE54-9A1E7A4F7556}") = "Cleaners.Core", "Cleaners.Core\Cleaners.Core.csproj", "{5199EE22-A31F-4F87-A183-9F5F0E6CFED4}"
EndProject
Project("{9A19103F-16F7-4668-BE54-9A1E7A4F7556}") = "Cleaners.Data", "Cleaners.Data\Cleaners.Data.csproj", "{0A541291-426D-473E-9F5D-D59EEDAF3D9C}"
EndProject
Project("{9A19103F-16F7-4668-BE54-9A1E7A4F7556}") = "Cleaners.Services", "Cleaners.Services\Cleaners.Services.csproj", "{DF6B8763-1C58-4B88-9769-1758CA64262D}"
EndProject
Project("{9A19103F-16F7-4668-BE54-9A1E7A4F7556}") = "Corvo.AspNetCore.Mvc.UI.TagHelpers", "Corvo.AspNetCore.Mvc.UI.TagHelpers\Corvo.AspNetCore.Mvc.UI.TagHelpers.csproj", "{344DBC7D-A906-4FC5-99DC-E2D40317DB19}"
EndProject
Project("{9A19103F-16F7-4668-BE54-9A1E7A4F7556}") = "Corvo.AspNetCore.Mvc", "Corvo.AspNetCore.Mvc\Corvo.AspNetCore.Mvc.csproj", "{A6EA0E37-5994-4EE6-97D5-1A09CFFE797B}"
EndProject
Project("{9A19103F-16F7-4668-BE54-9A1E7A4F7556}") = "Corvo.AspNetCore.Mvc.UI", "Corvo.AspNetCore.Mvc.UI\Corvo.AspNetCore.Mvc.UI.csproj", "{6F7E0365-6C5F-4570-8004-C88391FE673D}"
EndProject
Project("{9A19103F-16F7-4668-BE54-9A1E7A4F7556}") = "Cleaners", "Cleaners\Cleaners.csproj", "{5126A227-BE2A-4D10-B7F4-CB590CCC64ED}"
EndProject
Project("{9A19103F-16F7-4668-BE54-9A1E7A4F7556}") = "Corvo.Tests", "Corvo.Tests\Corvo.Tests.csproj", "{48742204-5F3B-4625-BB22-6AB3F391653D}"
EndProject
Project("{9A19103F-16F7-4668-BE54-9A1E7A4F7556}") = "Corvo.Consola", "Corvo.Consola\Corvo.Consola.csproj", "{DC32D88D-403E-4678-9D86-492374DEEA69}"
EndProject
Project("{9A19103F-16F7-4668-BE54-9A1E7A4F7556}") = "Simplicity.Api", "Simplicity.Api\Simplicity.Api.csproj", "{134F5756-68C2-4097-8FB0-D48235AE3720}"
EndProject
Project("{2150E333-8FDC-42A3-9474-1A3956D46DE8}") = "Template", "Template", "{1B33C103-FABA-4F21-A241-633B80121BF5}"
EndProject
Project("{9A19103F-16F7-4668-BE54-9A1E7A4F7556}") = "Weakling.WebUI", "Weakling.WebUI\Weakling.WebUI.csproj", "{A7562078-C1C2-4E40-863A-D55ACCD28568}"
EndProject
Project("{2150E333-8FDC-42A3-9474-1A3956D46DE8}") = "Libraries", "Libraries", "{4AC7BD5D-7938-4940-BB59-BCCE4AFA5BAA}"
EndProject
Project("{2150E333-8FDC-42A3-9474-1A3956D46DE8}") = "Playground", "Playground", "{A7590D3F-4739-4FD7-A685-A71E01846AD7}"
EndProject
Project("{9A19103F-16F7-4668-BE54-9A1E7A4F7556}") = "Studens.Commons", "Studens.Commons\Studens.Commons.csproj", "{EC0D7CEE-08F9-4DD8-9610-FD15E021E4E8}"
EndProject
Project("{FAE04EC0-301F-11D3-BF4B-00C04F79EFBC}") = "Studens.AspNetCore.Mvc", "Studens.AspNetCore.Mvc\Studens.AspNetCore.Mvc.csproj", "{93C522C2-3E30-48E2-A2DF-F9330C122EF4}"
EndProject
Project("{FAE04EC0-301F-11D3-BF4B-00C04F79EFBC}") = "Studens.BlazorNet6.WebUI", "Studens.BlazorNet6.WebUI\Studens.BlazorNet6.WebUI.csproj", "{65F45178-AC45-46B3-B03A-A972E6AF7D26}"
EndProject
Project("{FAE04EC0-301F-11D3-BF4B-00C04F79EFBC}") = "Studens.MvcNet6.WebUI", "Studens.MvcNet6.WebUI\Studens.MvcNet6.WebUI.csproj", "{8A884147-64B1-4DEF-B3C6-910F0851FE38}"
EndProject
Global
	GlobalSection(SolutionConfigurationPlatforms) = preSolution
		Debug|Any CPU = Debug|Any CPU
		Release|Any CPU = Release|Any CPU
	EndGlobalSection
	GlobalSection(ProjectConfigurationPlatforms) = postSolution
		{5E994385-11F1-4BFE-9A8C-61962C314063}.Debug|Any CPU.ActiveCfg = Debug|Any CPU
		{5E994385-11F1-4BFE-9A8C-61962C314063}.Debug|Any CPU.Build.0 = Debug|Any CPU
		{5E994385-11F1-4BFE-9A8C-61962C314063}.Release|Any CPU.ActiveCfg = Release|Any CPU
		{5E994385-11F1-4BFE-9A8C-61962C314063}.Release|Any CPU.Build.0 = Release|Any CPU
		{5199EE22-A31F-4F87-A183-9F5F0E6CFED4}.Debug|Any CPU.ActiveCfg = Debug|Any CPU
		{5199EE22-A31F-4F87-A183-9F5F0E6CFED4}.Debug|Any CPU.Build.0 = Debug|Any CPU
		{5199EE22-A31F-4F87-A183-9F5F0E6CFED4}.Release|Any CPU.ActiveCfg = Release|Any CPU
		{5199EE22-A31F-4F87-A183-9F5F0E6CFED4}.Release|Any CPU.Build.0 = Release|Any CPU
		{0A541291-426D-473E-9F5D-D59EEDAF3D9C}.Debug|Any CPU.ActiveCfg = Debug|Any CPU
		{0A541291-426D-473E-9F5D-D59EEDAF3D9C}.Debug|Any CPU.Build.0 = Debug|Any CPU
		{0A541291-426D-473E-9F5D-D59EEDAF3D9C}.Release|Any CPU.ActiveCfg = Release|Any CPU
		{0A541291-426D-473E-9F5D-D59EEDAF3D9C}.Release|Any CPU.Build.0 = Release|Any CPU
		{DF6B8763-1C58-4B88-9769-1758CA64262D}.Debug|Any CPU.ActiveCfg = Debug|Any CPU
		{DF6B8763-1C58-4B88-9769-1758CA64262D}.Debug|Any CPU.Build.0 = Debug|Any CPU
		{DF6B8763-1C58-4B88-9769-1758CA64262D}.Release|Any CPU.ActiveCfg = Release|Any CPU
		{DF6B8763-1C58-4B88-9769-1758CA64262D}.Release|Any CPU.Build.0 = Release|Any CPU
		{344DBC7D-A906-4FC5-99DC-E2D40317DB19}.Debug|Any CPU.ActiveCfg = Debug|Any CPU
		{344DBC7D-A906-4FC5-99DC-E2D40317DB19}.Debug|Any CPU.Build.0 = Debug|Any CPU
		{344DBC7D-A906-4FC5-99DC-E2D40317DB19}.Release|Any CPU.ActiveCfg = Release|Any CPU
		{344DBC7D-A906-4FC5-99DC-E2D40317DB19}.Release|Any CPU.Build.0 = Release|Any CPU
		{A6EA0E37-5994-4EE6-97D5-1A09CFFE797B}.Debug|Any CPU.ActiveCfg = Debug|Any CPU
		{A6EA0E37-5994-4EE6-97D5-1A09CFFE797B}.Debug|Any CPU.Build.0 = Debug|Any CPU
		{A6EA0E37-5994-4EE6-97D5-1A09CFFE797B}.Release|Any CPU.ActiveCfg = Release|Any CPU
		{A6EA0E37-5994-4EE6-97D5-1A09CFFE797B}.Release|Any CPU.Build.0 = Release|Any CPU
		{6F7E0365-6C5F-4570-8004-C88391FE673D}.Debug|Any CPU.ActiveCfg = Debug|Any CPU
		{6F7E0365-6C5F-4570-8004-C88391FE673D}.Debug|Any CPU.Build.0 = Debug|Any CPU
		{6F7E0365-6C5F-4570-8004-C88391FE673D}.Release|Any CPU.ActiveCfg = Release|Any CPU
		{6F7E0365-6C5F-4570-8004-C88391FE673D}.Release|Any CPU.Build.0 = Release|Any CPU
		{5126A227-BE2A-4D10-B7F4-CB590CCC64ED}.Debug|Any CPU.ActiveCfg = Debug|Any CPU
		{5126A227-BE2A-4D10-B7F4-CB590CCC64ED}.Debug|Any CPU.Build.0 = Debug|Any CPU
		{5126A227-BE2A-4D10-B7F4-CB590CCC64ED}.Release|Any CPU.ActiveCfg = Release|Any CPU
		{5126A227-BE2A-4D10-B7F4-CB590CCC64ED}.Release|Any CPU.Build.0 = Release|Any CPU
		{48742204-5F3B-4625-BB22-6AB3F391653D}.Debug|Any CPU.ActiveCfg = Debug|Any CPU
		{48742204-5F3B-4625-BB22-6AB3F391653D}.Debug|Any CPU.Build.0 = Debug|Any CPU
		{48742204-5F3B-4625-BB22-6AB3F391653D}.Release|Any CPU.ActiveCfg = Release|Any CPU
		{48742204-5F3B-4625-BB22-6AB3F391653D}.Release|Any CPU.Build.0 = Release|Any CPU
		{DC32D88D-403E-4678-9D86-492374DEEA69}.Debug|Any CPU.ActiveCfg = Debug|Any CPU
		{DC32D88D-403E-4678-9D86-492374DEEA69}.Debug|Any CPU.Build.0 = Debug|Any CPU
		{DC32D88D-403E-4678-9D86-492374DEEA69}.Release|Any CPU.ActiveCfg = Release|Any CPU
		{DC32D88D-403E-4678-9D86-492374DEEA69}.Release|Any CPU.Build.0 = Release|Any CPU
		{134F5756-68C2-4097-8FB0-D48235AE3720}.Debug|Any CPU.ActiveCfg = Debug|Any CPU
		{134F5756-68C2-4097-8FB0-D48235AE3720}.Debug|Any CPU.Build.0 = Debug|Any CPU
		{134F5756-68C2-4097-8FB0-D48235AE3720}.Release|Any CPU.ActiveCfg = Release|Any CPU
		{134F5756-68C2-4097-8FB0-D48235AE3720}.Release|Any CPU.Build.0 = Release|Any CPU
		{A7562078-C1C2-4E40-863A-D55ACCD28568}.Debug|Any CPU.ActiveCfg = Debug|Any CPU
		{A7562078-C1C2-4E40-863A-D55ACCD28568}.Debug|Any CPU.Build.0 = Debug|Any CPU
		{A7562078-C1C2-4E40-863A-D55ACCD28568}.Release|Any CPU.ActiveCfg = Release|Any CPU
		{A7562078-C1C2-4E40-863A-D55ACCD28568}.Release|Any CPU.Build.0 = Release|Any CPU
		{EC0D7CEE-08F9-4DD8-9610-FD15E021E4E8}.Debug|Any CPU.ActiveCfg = Debug|Any CPU
		{EC0D7CEE-08F9-4DD8-9610-FD15E021E4E8}.Debug|Any CPU.Build.0 = Debug|Any CPU
		{EC0D7CEE-08F9-4DD8-9610-FD15E021E4E8}.Release|Any CPU.ActiveCfg = Release|Any CPU
		{EC0D7CEE-08F9-4DD8-9610-FD15E021E4E8}.Release|Any CPU.Build.0 = Release|Any CPU
		{93C522C2-3E30-48E2-A2DF-F9330C122EF4}.Debug|Any CPU.ActiveCfg = Debug|Any CPU
		{93C522C2-3E30-48E2-A2DF-F9330C122EF4}.Debug|Any CPU.Build.0 = Debug|Any CPU
		{93C522C2-3E30-48E2-A2DF-F9330C122EF4}.Release|Any CPU.ActiveCfg = Release|Any CPU
		{93C522C2-3E30-48E2-A2DF-F9330C122EF4}.Release|Any CPU.Build.0 = Release|Any CPU
		{65F45178-AC45-46B3-B03A-A972E6AF7D26}.Debug|Any CPU.ActiveCfg = Debug|Any CPU
		{65F45178-AC45-46B3-B03A-A972E6AF7D26}.Debug|Any CPU.Build.0 = Debug|Any CPU
		{65F45178-AC45-46B3-B03A-A972E6AF7D26}.Release|Any CPU.ActiveCfg = Release|Any CPU
		{65F45178-AC45-46B3-B03A-A972E6AF7D26}.Release|Any CPU.Build.0 = Release|Any CPU
		{8A884147-64B1-4DEF-B3C6-910F0851FE38}.Debug|Any CPU.ActiveCfg = Debug|Any CPU
		{8A884147-64B1-4DEF-B3C6-910F0851FE38}.Debug|Any CPU.Build.0 = Debug|Any CPU
		{8A884147-64B1-4DEF-B3C6-910F0851FE38}.Release|Any CPU.ActiveCfg = Release|Any CPU
		{8A884147-64B1-4DEF-B3C6-910F0851FE38}.Release|Any CPU.Build.0 = Release|Any CPU
	EndGlobalSection
	GlobalSection(SolutionProperties) = preSolution
		HideSolutionNode = FALSE
	EndGlobalSection
	GlobalSection(NestedProjects) = preSolution
		{A7562078-C1C2-4E40-863A-D55ACCD28568} = {1B33C103-FABA-4F21-A241-633B80121BF5}
		{EC0D7CEE-08F9-4DD8-9610-FD15E021E4E8} = {4AC7BD5D-7938-4940-BB59-BCCE4AFA5BAA}
		{93C522C2-3E30-48E2-A2DF-F9330C122EF4} = {4AC7BD5D-7938-4940-BB59-BCCE4AFA5BAA}
		{65F45178-AC45-46B3-B03A-A972E6AF7D26} = {A7590D3F-4739-4FD7-A685-A71E01846AD7}
		{8A884147-64B1-4DEF-B3C6-910F0851FE38} = {A7590D3F-4739-4FD7-A685-A71E01846AD7}
	EndGlobalSection
	GlobalSection(ExtensibilityGlobals) = postSolution
		SolutionGuid = {3F20F244-5BF0-459F-AA50-F3C32A6903E5}
	EndGlobalSection
EndGlobal
